
Microsoft Visual Studio Solution File, Format Version 12.00
# Visual Studio Version 17
VisualStudioVersion = 17.10.35013.160
MinimumVisualStudioVersion = 10.0.40219.1
Project("{FAE04EC0-301F-11D3-BF4B-00C04F79EFBC}") = "ModelBinding&Validations", "ModelBinding&Validations\ModelBinding&Validations.csproj", "{E118B384-A276-49F6-A76B-90459131604F}"
EndProject
Global
	GlobalSection(SolutionConfigurationPlatforms) = preSolution
		Debug|Any CPU = Debug|Any CPU
		Release|Any CPU = Release|Any CPU
	EndGlobalSection
	GlobalSection(ProjectConfigurationPlatforms) = postSolution
		{E118B384-A276-49F6-A76B-90459131604F}.Debug|Any CPU.ActiveCfg = Debug|Any CPU
		{E118B384-A276-49F6-A76B-90459131604F}.Debug|Any CPU.Build.0 = Debug|Any CPU
		{E118B384-A276-49F6-A76B-90459131604F}.Release|Any CPU.ActiveCfg = Release|Any CPU
		{E118B384-A276-49F6-A76B-90459131604F}.Release|Any CPU.Build.0 = Release|Any CPU
	EndGlobalSection
	GlobalSection(SolutionProperties) = preSolution
		HideSolutionNode = FALSE
	EndGlobalSection
	GlobalSection(ExtensibilityGlobals) = postSolution
		SolutionGuid = {335A74EA-40A0-4123-A235-19C3C2E22C42}
	EndGlobalSection
EndGlobal
